// !$*UTF8*$!
{
	archiveVersion = 1;
	classes = {
	};
	objectVersion = 50;
	objects = {

/* Begin PBXBuildFile section */
		EA85B80726B1DC4600445105 /* CardView.swift in Sources */ = {isa = PBXBuildFile; fileRef = EA85B80626B1DC4600445105 /* CardView.swift */; };
		EA85B80926B1E49800445105 /* CardModel.swift in Sources */ = {isa = PBXBuildFile; fileRef = EA85B80826B1E49800445105 /* CardModel.swift */; };
		EA85B80B26B1E53100445105 /* CardData.swift in Sources */ = {isa = PBXBuildFile; fileRef = EA85B80A26B1E53100445105 /* CardData.swift */; };
		EA85B81126B1E87B00445105 /* PlaySound.swift in Sources */ = {isa = PBXBuildFile; fileRef = EA85B81026B1E87B00445105 /* PlaySound.swift */; };
		EA85B81D26B1EDB300445105 /* Constants.swift in Sources */ = {isa = PBXBuildFile; fileRef = EA85B81C26B1EDB300445105 /* Constants.swift */; };
		EA85B82326B1F1E000445105 /* CustomButton.swift in Sources */ = {isa = PBXBuildFile; fileRef = EA85B82226B1F1E000445105 /* CustomButton.swift */; };
		EA85B82426B1F23700445105 /* sound-chime.mp3 in Resources */ = {isa = PBXBuildFile; fileRef = EA85B81926B1ED7D00445105 /* sound-chime.mp3 */; };
		EAFD881526B1D7B4003ED953 /* DevelopersAppApp.swift in Sources */ = {isa = PBXBuildFile; fileRef = EAFD881426B1D7B4003ED953 /* DevelopersAppApp.swift */; };
		EAFD881726B1D7B4003ED953 /* ContentView.swift in Sources */ = {isa = PBXBuildFile; fileRef = EAFD881626B1D7B4003ED953 /* ContentView.swift */; };
		EAFD881926B1D7B6003ED953 /* Assets.xcassets in Resources */ = {isa = PBXBuildFile; fileRef = EAFD881826B1D7B6003ED953 /* Assets.xcassets */; };
		EAFD881C26B1D7B6003ED953 /* Preview Assets.xcassets in Resources */ = {isa = PBXBuildFile; fileRef = EAFD881B26B1D7B6003ED953 /* Preview Assets.xcassets */; };
/* End PBXBuildFile section */

/* Begin PBXFileReference section */
		EA85B80626B1DC4600445105 /* CardView.swift */ = {isa = PBXFileReference; lastKnownFileType = sourcecode.swift; path = CardView.swift; sourceTree = "<group>"; };
		EA85B80826B1E49800445105 /* CardModel.swift */ = {isa = PBXFileReference; lastKnownFileType = sourcecode.swift; path = CardModel.swift; sourceTree = "<group>"; };
		EA85B80A26B1E53100445105 /* CardData.swift */ = {isa = PBXFileReference; lastKnownFileType = sourcecode.swift; path = CardData.swift; sourceTree = "<group>"; };
		EA85B81026B1E87B00445105 /* PlaySound.swift */ = {isa = PBXFileReference; lastKnownFileType = sourcecode.swift; path = PlaySound.swift; sourceTree = "<group>"; };
		EA85B81926B1ED7D00445105 /* sound-chime.mp3 */ = {isa = PBXFileReference; lastKnownFileType = audio.mp3; path = "sound-chime.mp3"; sourceTree = "<group>"; };
		EA85B81C26B1EDB300445105 /* Constants.swift */ = {isa = PBXFileReference; lastKnownFileType = sourcecode.swift; path = Constants.swift; sourceTree = "<group>"; };
		EA85B82226B1F1E000445105 /* CustomButton.swift */ = {isa = PBXFileReference; lastKnownFileType = sourcecode.swift; path = CustomButton.swift; sourceTree = "<group>"; };
		EAFD881126B1D7B4003ED953 /* DevelopersApp.app */ = {isa = PBXFileReference; explicitFileType = wrapper.application; includeInIndex = 0; path = DevelopersApp.app; sourceTree = BUILT_PRODUCTS_DIR; };
		EAFD881426B1D7B4003ED953 /* DevelopersAppApp.swift */ = {isa = PBXFileReference; lastKnownFileType = sourcecode.swift; path = DevelopersAppApp.swift; sourceTree = "<group>"; };
		EAFD881626B1D7B4003ED953 /* ContentView.swift */ = {isa = PBXFileReference; lastKnownFileType = sourcecode.swift; path = ContentView.swift; sourceTree = "<group>"; };
		EAFD881826B1D7B6003ED953 /* Assets.xcassets */ = {isa = PBXFileReference; lastKnownFileType = folder.assetcatalog; path = Assets.xcassets; sourceTree = "<group>"; };
		EAFD881B26B1D7B6003ED953 /* Preview Assets.xcassets */ = {isa = PBXFileReference; lastKnownFileType = folder.assetcatalog; path = "Preview Assets.xcassets"; sourceTree = "<group>"; };
		EAFD881D26B1D7B6003ED953 /* Info.plist */ = {isa = PBXFileReference; lastKnownFileType = text.plist.xml; path = Info.plist; sourceTree = "<group>"; };
/* End PBXFileReference section */

/* Begin PBXFrameworksBuildPhase section */
		EAFD880E26B1D7B4003ED953 /* Frameworks */ = {
			isa = PBXFrameworksBuildPhase;
			buildActionMask = 2147483647;
			files = (
			);
			runOnlyForDeploymentPostprocessing = 0;
		};
/* End PBXFrameworksBuildPhase section */

/* Begin PBXGroup section */
		EA85B81226B1ED3000445105 /* App */ = {
			isa = PBXGroup;
			children = (
				EAFD881A26B1D7B6003ED953 /* Preview Content */,
				EAFD881426B1D7B4003ED953 /* DevelopersAppApp.swift */,
				EAFD881626B1D7B4003ED953 /* ContentView.swift */,
			);
			path = App;
			sourceTree = "<group>";
		};
		EA85B81326B1ED4300445105 /* View */ = {
			isa = PBXGroup;
			children = (
				EA85B80626B1DC4600445105 /* CardView.swift */,
				EA85B82226B1F1E000445105 /* CustomButton.swift */,
			);
			path = View;
			sourceTree = "<group>";
		};
		EA85B81426B1ED5200445105 /* Model */ = {
			isa = PBXGroup;
			children = (
				EA85B80826B1E49800445105 /* CardModel.swift */,
			);
			path = Model;
			sourceTree = "<group>";
		};
		EA85B81526B1ED5C00445105 /* Data */ = {
			isa = PBXGroup;
			children = (
				EA85B80A26B1E53100445105 /* CardData.swift */,
			);
			path = Data;
			sourceTree = "<group>";
		};
		EA85B81626B1ED6600445105 /* Ressources */ = {
			isa = PBXGroup;
			children = (
				EA85B81A26B1ED8D00445105 /* Utils */,
				EA85B81826B1ED7700445105 /* Sound */,
				EA85B81726B1ED6C00445105 /* Images */,
			);
			path = Ressources;
			sourceTree = "<group>";
		};
		EA85B81726B1ED6C00445105 /* Images */ = {
			isa = PBXGroup;
			children = (
				EAFD881826B1D7B6003ED953 /* Assets.xcassets */,
			);
			path = Images;
			sourceTree = "<group>";
		};
		EA85B81826B1ED7700445105 /* Sound */ = {
			isa = PBXGroup;
			children = (
				EA85B81926B1ED7D00445105 /* sound-chime.mp3 */,
			);
			path = Sound;
			sourceTree = "<group>";
		};
		EA85B81A26B1ED8D00445105 /* Utils */ = {
			isa = PBXGroup;
			children = (
				EA85B81B26B1ED9300445105 /* Player */,
				EA85B81C26B1EDB300445105 /* Constants.swift */,
			);
			path = Utils;
			sourceTree = "<group>";
		};
		EA85B81B26B1ED9300445105 /* Player */ = {
			isa = PBXGroup;
			children = (
				EA85B81026B1E87B00445105 /* PlaySound.swift */,
			);
			path = Player;
			sourceTree = "<group>";
		};
		EAFD880826B1D7B4003ED953 = {
			isa = PBXGroup;
			children = (
				EAFD881326B1D7B4003ED953 /* DevelopersApp */,
				EAFD881226B1D7B4003ED953 /* Products */,
			);
			sourceTree = "<group>";
		};
		EAFD881226B1D7B4003ED953 /* Products */ = {
			isa = PBXGroup;
			children = (
				EAFD881126B1D7B4003ED953 /* DevelopersApp.app */,
			);
			name = Products;
			sourceTree = "<group>";
		};
		EAFD881326B1D7B4003ED953 /* DevelopersApp */ = {
			isa = PBXGroup;
			children = (
				EA85B81626B1ED6600445105 /* Ressources */,
				EA85B81526B1ED5C00445105 /* Data */,
				EA85B81426B1ED5200445105 /* Model */,
				EA85B81326B1ED4300445105 /* View */,
				EA85B81226B1ED3000445105 /* App */,
				EAFD881D26B1D7B6003ED953 /* Info.plist */,
			);
			path = DevelopersApp;
			sourceTree = "<group>";
		};
		EAFD881A26B1D7B6003ED953 /* Preview Content */ = {
			isa = PBXGroup;
			children = (
				EAFD881B26B1D7B6003ED953 /* Preview Assets.xcassets */,
			);
			path = "Preview Content";
			sourceTree = "<group>";
		};
/* End PBXGroup section */

/* Begin PBXNativeTarget section */
		EAFD881026B1D7B4003ED953 /* DevelopersApp */ = {
			isa = PBXNativeTarget;
			buildConfigurationList = EAFD882026B1D7B6003ED953 /* Build configuration list for PBXNativeTarget "DevelopersApp" */;
			buildPhases = (
				EAFD880D26B1D7B4003ED953 /* Sources */,
				EAFD880E26B1D7B4003ED953 /* Frameworks */,
				EAFD880F26B1D7B4003ED953 /* Resources */,
			);
			buildRules = (
			);
			dependencies = (
			);
			name = DevelopersApp;
			productName = DevelopersApp;
			productReference = EAFD881126B1D7B4003ED953 /* DevelopersApp.app */;
			productType = "com.apple.product-type.application";
		};
/* End PBXNativeTarget section */

/* Begin PBXProject section */
		EAFD880926B1D7B4003ED953 /* Project object */ = {
			isa = PBXProject;
			attributes = {
				LastSwiftUpdateCheck = 1250;
				LastUpgradeCheck = 1250;
				TargetAttributes = {
					EAFD881026B1D7B4003ED953 = {
						CreatedOnToolsVersion = 12.5;
					};
				};
			};
			buildConfigurationList = EAFD880C26B1D7B4003ED953 /* Build configuration list for PBXProject "DevelopersApp" */;
			compatibilityVersion = "Xcode 9.3";
			developmentRegion = en;
			hasScannedForEncodings = 0;
			knownRegions = (
				en,
				Base,
			);
			mainGroup = EAFD880826B1D7B4003ED953;
			productRefGroup = EAFD881226B1D7B4003ED953 /* Products */;
			projectDirPath = "";
			projectRoot = "";
			targets = (
				EAFD881026B1D7B4003ED953 /* DevelopersApp */,
			);
		};
/* End PBXProject section */

/* Begin PBXResourcesBuildPhase section */
		EAFD880F26B1D7B4003ED953 /* Resources */ = {
			isa = PBXResourcesBuildPhase;
			buildActionMask = 2147483647;
			files = (
				EA85B82426B1F23700445105 /* sound-chime.mp3 in Resources */,
				EAFD881C26B1D7B6003ED953 /* Preview Assets.xcassets in Resources */,
				EAFD881926B1D7B6003ED953 /* Assets.xcassets in Resources */,
			);
			runOnlyForDeploymentPostprocessing = 0;
		};
/* End PBXResourcesBuildPhase section */

/* Begin PBXSourcesBuildPhase section */
		EAFD880D26B1D7B4003ED953 /* Sources */ = {
			isa = PBXSourcesBuildPhase;
			buildActionMask = 2147483647;
			files = (
				EA85B80B26B1E53100445105 /* CardData.swift in Sources */,
				EA85B81126B1E87B00445105 /* PlaySound.swift in Sources */,
				EAFD881726B1D7B4003ED953 /* ContentView.swift in Sources */,
				EA85B80926B1E49800445105 /* CardModel.swift in Sources */,
				EA85B82326B1F1E000445105 /* CustomButton.swift in Sources */,
				EA85B81D26B1EDB300445105 /* Constants.swift in Sources */,
				EA85B80726B1DC4600445105 /* CardView.swift in Sources */,
				EAFD881526B1D7B4003ED953 /* DevelopersAppApp.swift in Sources */,
			);
			runOnlyForDeploymentPostprocessing = 0;
		};
/* End PBXSourcesBuildPhase section */

/* Begin XCBuildConfiguration section */
		EAFD881E26B1D7B6003ED953 /* Debug */ = {
			isa = XCBuildConfiguration;
			buildSettings = {
				ALWAYS_SEARCH_USER_PATHS = NO;
				CLANG_ANALYZER_NONNULL = YES;
				CLANG_ANALYZER_NUMBER_OBJECT_CONVERSION = YES_AGGRESSIVE;
				CLANG_CXX_LANGUAGE_STANDARD = "gnu++14";
				CLANG_CXX_LIBRARY = "libc++";
				CLANG_ENABLE_MODULES = YES;
				CLANG_ENABLE_OBJC_ARC = YES;
				CLANG_ENABLE_OBJC_WEAK = YES;
				CLANG_WARN_BLOCK_CAPTURE_AUTORELEASING = YES;
				CLANG_WARN_BOOL_CONVERSION = YES;
				CLANG_WARN_COMMA = YES;
				CLANG_WARN_CONSTANT_CONVERSION = YES;
				CLANG_WARN_DEPRECATED_OBJC_IMPLEMENTATIONS = YES;
				CLANG_WARN_DIRECT_OBJC_ISA_USAGE = YES_ERROR;
				CLANG_WARN_DOCUMENTATION_COMMENTS = YES;
				CLANG_WARN_EMPTY_BODY = YES;
				CLANG_WARN_ENUM_CONVERSION = YES;
				CLANG_WARN_INFINITE_RECURSION = YES;
				CLANG_WARN_INT_CONVERSION = YES;
				CLANG_WARN_NON_LITERAL_NULL_CONVERSION = YES;
				CLANG_WARN_OBJC_IMPLICIT_RETAIN_SELF = YES;
				CLANG_WARN_OBJC_LITERAL_CONVERSION = YES;
				CLANG_WARN_OBJC_ROOT_CLASS = YES_ERROR;
				CLANG_WARN_QUOTED_INCLUDE_IN_FRAMEWORK_HEADER = YES;
				CLANG_WARN_RANGE_LOOP_ANALYSIS = YES;
				CLANG_WARN_STRICT_PROTOTYPES = YES;
				CLANG_WARN_SUSPICIOUS_MOVE = YES;
				CLANG_WARN_UNGUARDED_AVAILABILITY = YES_AGGRESSIVE;
				CLANG_WARN_UNREACHABLE_CODE = YES;
				CLANG_WARN__DUPLICATE_METHOD_MATCH = YES;
				COPY_PHASE_STRIP = NO;
				DEBUG_INFORMATION_FORMAT = dwarf;
				ENABLE_STRICT_OBJC_MSGSEND = YES;
				ENABLE_TESTABILITY = YES;
				GCC_C_LANGUAGE_STANDARD = gnu11;
				GCC_DYNAMIC_NO_PIC = NO;
				GCC_NO_COMMON_BLOCKS = YES;
				GCC_OPTIMIZATION_LEVEL = 0;
				GCC_PREPROCESSOR_DEFINITIONS = (
					"DEBUG=1",
					"$(inherited)",
				);
				GCC_WARN_64_TO_32_BIT_CONVERSION = YES;
				GCC_WARN_ABOUT_RETURN_TYPE = YES_ERROR;
				GCC_WARN_UNDECLARED_SELECTOR = YES;
				GCC_WARN_UNINITIALIZED_AUTOS = YES_AGGRESSIVE;
				GCC_WARN_UNUSED_FUNCTION = YES;
				GCC_WARN_UNUSED_VARIABLE = YES;
				IPHONEOS_DEPLOYMENT_TARGET = 14.5;
				MTL_ENABLE_DEBUG_INFO = INCLUDE_SOURCE;
				MTL_FAST_MATH = YES;
				ONLY_ACTIVE_ARCH = YES;
				SDKROOT = iphoneos;
				SWIFT_ACTIVE_COMPILATION_CONDITIONS = DEBUG;
				SWIFT_OPTIMIZATION_LEVEL = "-Onone";
			};
			name = Debug;
		};
		EAFD881F26B1D7B6003ED953 /* Release */ = {
			isa = XCBuildConfiguration;
			buildSettings = {
				ALWAYS_SEARCH_USER_PATHS = NO;
				CLANG_ANALYZER_NONNULL = YES;
				CLANG_ANALYZER_NUMBER_OBJECT_CONVERSION = YES_AGGRESSIVE;
				CLANG_CXX_LANGUAGE_STANDARD = "gnu++14";
				CLANG_CXX_LIBRARY = "libc++";
				CLANG_ENABLE_MODULES = YES;
				CLANG_ENABLE_OBJC_ARC = YES;
				CLANG_ENABLE_OBJC_WEAK = YES;
				CLANG_WARN_BLOCK_CAPTURE_AUTORELEASING = YES;
				CLANG_WARN_BOOL_CONVERSION = YES;
				CLANG_WARN_COMMA = YES;
				CLANG_WARN_CONSTANT_CONVERSION = YES;
				CLANG_WARN_DEPRECATED_OBJC_IMPLEMENTATIONS = YES;
				CLANG_WARN_DIRECT_OBJC_ISA_USAGE = YES_ERROR;
				CLANG_WARN_DOCUMENTATION_COMMENTS = YES;
				CLANG_WARN_EMPTY_BODY = YES;
				CLANG_WARN_ENUM_CONVERSION = YES;
				CLANG_WARN_INFINITE_RECURSION = YES;
				CLANG_WARN_INT_CONVERSION = YES;
				CLANG_WARN_NON_LITERAL_NULL_CONVERSION = YES;
				CLANG_WARN_OBJC_IMPLICIT_RETAIN_SELF = YES;
				CLANG_WARN_OBJC_LITERAL_CONVERSION = YES;
				CLANG_WARN_OBJC_ROOT_CLASS = YES_ERROR;
				CLANG_WARN_QUOTED_INCLUDE_IN_FRAMEWORK_HEADER = YES;
				CLANG_WARN_RANGE_LOOP_ANALYSIS = YES;
				CLANG_WARN_STRICT_PROTOTYPES = YES;
				CLANG_WARN_SUSPICIOUS_MOVE = YES;
				CLANG_WARN_UNGUARDED_AVAILABILITY = YES_AGGRESSIVE;
				CLANG_WARN_UNREACHABLE_CODE = YES;
				CLANG_WARN__DUPLICATE_METHOD_MATCH = YES;
				COPY_PHASE_STRIP = NO;
				DEBUG_INFORMATION_FORMAT = "dwarf-with-dsym";
				ENABLE_NS_ASSERTIONS = NO;
				ENABLE_STRICT_OBJC_MSGSEND = YES;
				GCC_C_LANGUAGE_STANDARD = gnu11;
				GCC_NO_COMMON_BLOCKS = YES;
				GCC_WARN_64_TO_32_BIT_CONVERSION = YES;
				GCC_WARN_ABOUT_RETURN_TYPE = YES_ERROR;
				GCC_WARN_UNDECLARED_SELECTOR = YES;
				GCC_WARN_UNINITIALIZED_AUTOS = YES_AGGRESSIVE;
				GCC_WARN_UNUSED_FUNCTION = YES;
				GCC_WARN_UNUSED_VARIABLE = YES;
				IPHONEOS_DEPLOYMENT_TARGET = 14.5;
				MTL_ENABLE_DEBUG_INFO = NO;
				MTL_FAST_MATH = YES;
				SDKROOT = iphoneos;
				SWIFT_COMPILATION_MODE = wholemodule;
				SWIFT_OPTIMIZATION_LEVEL = "-O";
				VALIDATE_PRODUCT = YES;
			};
			name = Release;
		};
		EAFD882126B1D7B6003ED953 /* Debug */ = {
			isa = XCBuildConfiguration;
			buildSettings = {
				ASSETCATALOG_COMPILER_APPICON_NAME = AppIcon;
				ASSETCATALOG_COMPILER_GLOBAL_ACCENT_COLOR_NAME = AccentColor;
				CODE_SIGN_STYLE = Automatic;
				DEVELOPMENT_ASSET_PATHS = "";
				DEVELOPMENT_TEAM = P3MY8KZZK3;
				ENABLE_PREVIEWS = YES;
				INFOPLIST_FILE = DevelopersApp/Info.plist;
				IPHONEOS_DEPLOYMENT_TARGET = 14.0;
				LD_RUNPATH_SEARCH_PATHS = (
					"$(inherited)",
					"@executable_path/Frameworks",
				);
				PRODUCT_BUNDLE_IDENTIFIER = com.ramiouunifi.DevelopersApp;
				PRODUCT_NAME = "$(TARGET_NAME)";
				SWIFT_VERSION = 5.0;
				TARGETED_DEVICE_FAMILY = "1,2";
			};
			name = Debug;
		};
		EAFD882226B1D7B6003ED953 /* Release */ = {
			isa = XCBuildConfiguration;
			buildSettings = {
				ASSETCATALOG_COMPILER_APPICON_NAME = AppIcon;
				ASSETCATALOG_COMPILER_GLOBAL_ACCENT_COLOR_NAME = AccentColor;
				CODE_SIGN_STYLE = Automatic;
				DEVELOPMENT_ASSET_PATHS = "\"DevelopersApp/Preview Content\"";
				DEVELOPMENT_TEAM = P3MY8KZZK3;
				ENABLE_PREVIEWS = YES;
				INFOPLIST_FILE = DevelopersApp/Info.plist;
				IPHONEOS_DEPLOYMENT_TARGET = 14.0;
				LD_RUNPATH_SEARCH_PATHS = (
					"$(inherited)",
					"@executable_path/Frameworks",
				);
				PRODUCT_BUNDLE_IDENTIFIER = com.ramiouunifi.DevelopersApp;
				PRODUCT_NAME = "$(TARGET_NAME)";
				SWIFT_VERSION = 5.0;
				TARGETED_DEVICE_FAMILY = "1,2";
			};
			name = Release;
		};
/* End XCBuildConfiguration section */

/* Begin XCConfigurationList section */
		EAFD880C26B1D7B4003ED953 /* Build configuration list for PBXProject "DevelopersApp" */ = {
			isa = XCConfigurationList;
			buildConfigurations = (
				EAFD881E26B1D7B6003ED953 /* Debug */,
				EAFD881F26B1D7B6003ED953 /* Release */,
			);
			defaultConfigurationIsVisible = 0;
			defaultConfigurationName = Release;
		};
		EAFD882026B1D7B6003ED953 /* Build configuration list for PBXNativeTarget "DevelopersApp" */ = {
			isa = XCConfigurationList;
			buildConfigurations = (
				EAFD882126B1D7B6003ED953 /* Debug */,
				EAFD882226B1D7B6003ED953 /* Release */,
			);
			defaultConfigurationIsVisible = 0;
			defaultConfigurationName = Release;
		};
/* End XCConfigurationList section */
	};
	rootObject = EAFD880926B1D7B4003ED953 /* Project object */;
}
